
Microsoft Visual Studio Solution File, Format Version 12.00
# Visual Studio Version 17
VisualStudioVersion = 17.5.33424.131
MinimumVisualStudioVersion = 10.0.40219.1
Project("{9A19103F-16F7-4668-BE54-9A1E7A4F7556}") = "CarWorkshop", "CarWorkshop\CarWorkshop.csproj", "{659AC154-4E31-4794-8087-F6FB25C90AB4}"
EndProject
Project("{FAE04EC0-301F-11D3-BF4B-00C04F79EFBC}") = "CarWorkShop.Domain", "CarWorkShop.Domain\CarWorkShop.Domain.csproj", "{E306DF22-0F76-48B8-9E4D-3891A535302F}"
EndProject
Project("{FAE04EC0-301F-11D3-BF4B-00C04F79EFBC}") = "CarWorkShop.Application", "CarWorkShop.Application\CarWorkShop.Application.csproj", "{A1D71202-BAF2-4C8F-A5AC-A47B2C5AD84F}"
EndProject
Project("{FAE04EC0-301F-11D3-BF4B-00C04F79EFBC}") = "CarWorkShop.Infrastructure", "CarWorkShop.Infrastructure\CarWorkShop.Infrastructure.csproj", "{36A380B5-58D3-43B1-907A-0BF4E5D1A4CF}"
EndProject
Global
	GlobalSection(SolutionConfigurationPlatforms) = preSolution
		Debug|Any CPU = Debug|Any CPU
		Release|Any CPU = Release|Any CPU
	EndGlobalSection
	GlobalSection(ProjectConfigurationPlatforms) = postSolution
		{659AC154-4E31-4794-8087-F6FB25C90AB4}.Debug|Any CPU.ActiveCfg = Debug|Any CPU
		{659AC154-4E31-4794-8087-F6FB25C90AB4}.Debug|Any CPU.Build.0 = Debug|Any CPU
		{659AC154-4E31-4794-8087-F6FB25C90AB4}.Release|Any CPU.ActiveCfg = Release|Any CPU
		{659AC154-4E31-4794-8087-F6FB25C90AB4}.Release|Any CPU.Build.0 = Release|Any CPU
		{E306DF22-0F76-48B8-9E4D-3891A535302F}.Debug|Any CPU.ActiveCfg = Debug|Any CPU
		{E306DF22-0F76-48B8-9E4D-3891A535302F}.Debug|Any CPU.Build.0 = Debug|Any CPU
		{E306DF22-0F76-48B8-9E4D-3891A535302F}.Release|Any CPU.ActiveCfg = Release|Any CPU
		{E306DF22-0F76-48B8-9E4D-3891A535302F}.Release|Any CPU.Build.0 = Release|Any CPU
		{A1D71202-BAF2-4C8F-A5AC-A47B2C5AD84F}.Debug|Any CPU.ActiveCfg = Debug|Any CPU
		{A1D71202-BAF2-4C8F-A5AC-A47B2C5AD84F}.Debug|Any CPU.Build.0 = Debug|Any CPU
		{A1D71202-BAF2-4C8F-A5AC-A47B2C5AD84F}.Release|Any CPU.ActiveCfg = Release|Any CPU
		{A1D71202-BAF2-4C8F-A5AC-A47B2C5AD84F}.Release|Any CPU.Build.0 = Release|Any CPU
		{36A380B5-58D3-43B1-907A-0BF4E5D1A4CF}.Debug|Any CPU.ActiveCfg = Debug|Any CPU
		{36A380B5-58D3-43B1-907A-0BF4E5D1A4CF}.Debug|Any CPU.Build.0 = Debug|Any CPU
		{36A380B5-58D3-43B1-907A-0BF4E5D1A4CF}.Release|Any CPU.ActiveCfg = Release|Any CPU
		{36A380B5-58D3-43B1-907A-0BF4E5D1A4CF}.Release|Any CPU.Build.0 = Release|Any CPU
	EndGlobalSection
	GlobalSection(SolutionProperties) = preSolution
		HideSolutionNode = FALSE
	EndGlobalSection
	GlobalSection(ExtensibilityGlobals) = postSolution
		SolutionGuid = {70F18881-4816-47B7-9C51-D66130FA01D0}
	EndGlobalSection
EndGlobal
